<?xml version="1.0" encoding="utf-8"?>
<Project ToolsVersion="4.0" xmlns="http://schemas.microsoft.com/developer/msbuild/2003">
  <ItemGroup>
    <Filter Include="Source Files">
      <UniqueIdentifier>{4FC737F1-C7A5-4376-A066-2A32D752A2FF}</UniqueIdentifier>
      <Extensions>cpp;c;cc;cxx;def;odl;idl;hpj;bat;asm;asmx</Extensions>
    </Filter>
    <Filter Include="Header Files">
      <UniqueIdentifier>{93995380-89BD-4b04-88EB-625FBE52EBFB}</UniqueIdentifier>
      <Extensions>h;hh;hpp;hxx;hm;inl;inc;ipp;xsd</Extensions>
    </Filter>
    <Filter Include="Resources">
      <UniqueIdentifier>{e0898e3b-af36-40a2-94df-79db144d0e21}</UniqueIdentifier>
    </Filter>
  </ItemGroup>
  <ItemGroup>
    <ClCompile Include="CtlEdittingArea.cpp">
      <Filter>Source Files</Filter>
    </ClCompile>
    <ClCompile Include="CtlBase.cpp">
      <Filter>Source Files</Filter>
    </ClCompile>
    <ClCompile Include="main.cpp">
      <Filter>Source Files</Filter>
    </ClCompile>
    <ClCompile Include="MainWindow.cpp">
      <Filter>Source Files</Filter>
    </ClCompile>
    <ClCompile Include="CtlExitMainWin.cpp">
      <Filter>Source Files</Filter>
    </ClCompile>
    <ClCompile Include="CtlDrawingArea.cpp">
      <Filter>Source Files</Filter>
    </ClCompile>
    <ClCompile Include="CtlLoadFileBtn.cpp">
      <Filter>Source Files</Filter>
    </ClCompile>
    <ClCompile Include="CtlSaveFileBtn.cpp">
      <Filter>Source Files</Filter>
    </ClCompile>
    <ClCompile Include="CtlApplyBtn.cpp">
      <Filter>Source Files</Filter>
    </ClCompile>
  </ItemGroup>
  <ItemGroup>
    <ClInclude Include="CtlEdittingArea.h">
      <Filter>Header Files</Filter>
    </ClInclude>
    <ClInclude Include="CtlBase.h">
      <Filter>Header Files</Filter>
    </ClInclude>
    <ClInclude Include="MainWindow.h">
      <Filter>Header Files</Filter>
    </ClInclude>
    <ClInclude Include="CtlExitMainWin.h">
      <Filter>Header Files</Filter>
    </ClInclude>
    <ClInclude Include="CtlDrawingArea.h">
      <Filter>Header Files</Filter>
    </ClInclude>
    <ClInclude Include="CtlLoadFileBtn.h">
      <Filter>Header Files</Filter>
    </ClInclude>
    <ClInclude Include="CtlSaveFileBtn.h">
      <Filter>Header Files</Filter>
    </ClInclude>
    <ClInclude Include="CtlApplyBtn.h">
      <Filter>Header Files</Filter>
    </ClInclude>
    <ClInclude Include="resource.h">
      <Filter>Header Files</Filter>
    </ClInclude>
  </ItemGroup>
  <ItemGroup>
    <Image Include="ObjectPainter.ico">
      <Filter>Resources</Filter>
    </Image>
  </ItemGroup>
  <ItemGroup>
    <ResourceCompile Include="ObjectPainter.rc">
      <Filter>Resources</Filter>
    </ResourceCompile>
  </ItemGroup>
</Project>